// !$*UTF8*$!
{
	archiveVersion = 1;
	classes = {
	};
	objectVersion = 46;
	objects = {

/* Begin PBXBuildFile section */
		0F0803521BC1A4DB00B245ED /* AppDelegate.swift in Sources */ = {isa = PBXBuildFile; fileRef = 0F0803511BC1A4DB00B245ED /* AppDelegate.swift */; };
		0F0803541BC1A4DB00B245ED /* ViewController.swift in Sources */ = {isa = PBXBuildFile; fileRef = 0F0803531BC1A4DB00B245ED /* ViewController.swift */; };
		0F0803591BC1A4DB00B245ED /* Assets.xcassets in Resources */ = {isa = PBXBuildFile; fileRef = 0F0803581BC1A4DB00B245ED /* Assets.xcassets */; };
		0F6DC5241BED47C200C47195 /* libsqlite3.0.tbd in Frameworks */ = {isa = PBXBuildFile; fileRef = 0F6DC5231BED47C200C47195 /* libsqlite3.0.tbd */; };
		0F6DC54E1BED49FF00C47195 /* DBManager.swift in Sources */ = {isa = PBXBuildFile; fileRef = 0F6DC54D1BED49FF00C47195 /* DBManager.swift */; };
		0F6DC5501BED4BE700C47195 /* Utility.swift in Sources */ = {isa = PBXBuildFile; fileRef = 0F6DC54F1BED4BE700C47195 /* Utility.swift */; };
		0F6DC5541BED4E2700C47195 /* ItemModel.swift in Sources */ = {isa = PBXBuildFile; fileRef = 0F6DC5521BED4E2700C47195 /* ItemModel.swift */; };
		0F6DC55F1BED4E3100C47195 /* FMDatabase.m in Sources */ = {isa = PBXBuildFile; fileRef = 0F6DC5561BED4E3100C47195 /* FMDatabase.m */; };
		0F6DC5601BED4E3100C47195 /* FMDatabaseAdditions.m in Sources */ = {isa = PBXBuildFile; fileRef = 0F6DC5581BED4E3100C47195 /* FMDatabaseAdditions.m */; };
		0F6DC5611BED4E3100C47195 /* FMDatabasePool.m in Sources */ = {isa = PBXBuildFile; fileRef = 0F6DC55A1BED4E3100C47195 /* FMDatabasePool.m */; };
		0F6DC5621BED4E3100C47195 /* FMDatabaseQueue.m in Sources */ = {isa = PBXBuildFile; fileRef = 0F6DC55C1BED4E3100C47195 /* FMDatabaseQueue.m */; };
		0F6DC5631BED4E3100C47195 /* FMResultSet.m in Sources */ = {isa = PBXBuildFile; fileRef = 0F6DC55E1BED4E3100C47195 /* FMResultSet.m */; };
		0F6DC5651BED4E3800C47195 /* tasklist.sqlite in Resources */ = {isa = PBXBuildFile; fileRef = 0F6DC5641BED4E3800C47195 /* tasklist.sqlite */; };
		0F6DC56B1BEFA27800C47195 /* Main.storyboard in Resources */ = {isa = PBXBuildFile; fileRef = 0F6DC5691BEFA27800C47195 /* Main.storyboard */; };
		0F7112971BF63DE100AC7272 /* ExtendColor.swift in Sources */ = {isa = PBXBuildFile; fileRef = 0F7112961BF63DE100AC7272 /* ExtendColor.swift */; };
		0F7112991BF67C2500AC7272 /* JDataTree.swift in Sources */ = {isa = PBXBuildFile; fileRef = 0F7112981BF67C2500AC7272 /* JDataTree.swift */; };
		0FCC6C981BF0F35100587090 /* CellObject.swift in Sources */ = {isa = PBXBuildFile; fileRef = 0FCC6C971BF0F35100587090 /* CellObject.swift */; };
/* End PBXBuildFile section */

/* Begin PBXFileReference section */
		0F08034E1BC1A4DB00B245ED /* QuickNote.app */ = {isa = PBXFileReference; explicitFileType = wrapper.application; includeInIndex = 0; path = QuickNote.app; sourceTree = BUILT_PRODUCTS_DIR; };
		0F0803511BC1A4DB00B245ED /* AppDelegate.swift */ = {isa = PBXFileReference; lastKnownFileType = sourcecode.swift; path = AppDelegate.swift; sourceTree = "<group>"; };
		0F0803531BC1A4DB00B245ED /* ViewController.swift */ = {isa = PBXFileReference; lastKnownFileType = sourcecode.swift; path = ViewController.swift; sourceTree = "<group>"; };
		0F0803581BC1A4DB00B245ED /* Assets.xcassets */ = {isa = PBXFileReference; lastKnownFileType = folder.assetcatalog; path = Assets.xcassets; sourceTree = "<group>"; };
		0F08035D1BC1A4DB00B245ED /* Info.plist */ = {isa = PBXFileReference; lastKnownFileType = text.plist.xml; path = Info.plist; sourceTree = "<group>"; };
		0F6DC5231BED47C200C47195 /* libsqlite3.0.tbd */ = {isa = PBXFileReference; lastKnownFileType = "sourcecode.text-based-dylib-definition"; name = libsqlite3.0.tbd; path = usr/lib/libsqlite3.0.tbd; sourceTree = SDKROOT; };
		0F6DC54D1BED49FF00C47195 /* DBManager.swift */ = {isa = PBXFileReference; fileEncoding = 4; lastKnownFileType = sourcecode.swift; path = DBManager.swift; sourceTree = "<group>"; };
		0F6DC54F1BED4BE700C47195 /* Utility.swift */ = {isa = PBXFileReference; fileEncoding = 4; lastKnownFileType = sourcecode.swift; path = Utility.swift; sourceTree = "<group>"; };
		0F6DC5521BED4E2700C47195 /* ItemModel.swift */ = {isa = PBXFileReference; fileEncoding = 4; lastKnownFileType = sourcecode.swift; path = ItemModel.swift; sourceTree = "<group>"; };
		0F6DC5551BED4E3100C47195 /* FMDatabase.h */ = {isa = PBXFileReference; fileEncoding = 4; lastKnownFileType = sourcecode.c.h; path = FMDatabase.h; sourceTree = "<group>"; };
		0F6DC5561BED4E3100C47195 /* FMDatabase.m */ = {isa = PBXFileReference; fileEncoding = 4; lastKnownFileType = sourcecode.c.objc; path = FMDatabase.m; sourceTree = "<group>"; };
		0F6DC5571BED4E3100C47195 /* FMDatabaseAdditions.h */ = {isa = PBXFileReference; fileEncoding = 4; lastKnownFileType = sourcecode.c.h; path = FMDatabaseAdditions.h; sourceTree = "<group>"; };
		0F6DC5581BED4E3100C47195 /* FMDatabaseAdditions.m */ = {isa = PBXFileReference; fileEncoding = 4; lastKnownFileType = sourcecode.c.objc; path = FMDatabaseAdditions.m; sourceTree = "<group>"; };
		0F6DC5591BED4E3100C47195 /* FMDatabasePool.h */ = {isa = PBXFileReference; fileEncoding = 4; lastKnownFileType = sourcecode.c.h; path = FMDatabasePool.h; sourceTree = "<group>"; };
		0F6DC55A1BED4E3100C47195 /* FMDatabasePool.m */ = {isa = PBXFileReference; fileEncoding = 4; lastKnownFileType = sourcecode.c.objc; path = FMDatabasePool.m; sourceTree = "<group>"; };
		0F6DC55B1BED4E3100C47195 /* FMDatabaseQueue.h */ = {isa = PBXFileReference; fileEncoding = 4; lastKnownFileType = sourcecode.c.h; path = FMDatabaseQueue.h; sourceTree = "<group>"; };
		0F6DC55C1BED4E3100C47195 /* FMDatabaseQueue.m */ = {isa = PBXFileReference; fileEncoding = 4; lastKnownFileType = sourcecode.c.objc; path = FMDatabaseQueue.m; sourceTree = "<group>"; };
		0F6DC55D1BED4E3100C47195 /* FMResultSet.h */ = {isa = PBXFileReference; fileEncoding = 4; lastKnownFileType = sourcecode.c.h; path = FMResultSet.h; sourceTree = "<group>"; };
		0F6DC55E1BED4E3100C47195 /* FMResultSet.m */ = {isa = PBXFileReference; fileEncoding = 4; lastKnownFileType = sourcecode.c.objc; path = FMResultSet.m; sourceTree = "<group>"; };
		0F6DC5641BED4E3800C47195 /* tasklist.sqlite */ = {isa = PBXFileReference; lastKnownFileType = file; path = tasklist.sqlite; sourceTree = "<group>"; };
		0F6DC5661BED4E5B00C47195 /* Todo-Bridging-Header.h */ = {isa = PBXFileReference; fileEncoding = 4; lastKnownFileType = sourcecode.c.h; path = "Todo-Bridging-Header.h"; sourceTree = "<group>"; };
		0F6DC56A1BEFA27800C47195 /* Base */ = {isa = PBXFileReference; lastKnownFileType = file.storyboard; name = Base; path = Base.lproj/Main.storyboard; sourceTree = "<group>"; };
		0F7112961BF63DE100AC7272 /* ExtendColor.swift */ = {isa = PBXFileReference; fileEncoding = 4; lastKnownFileType = sourcecode.swift; path = ExtendColor.swift; sourceTree = "<group>"; };
		0F7112981BF67C2500AC7272 /* JDataTree.swift */ = {isa = PBXFileReference; fileEncoding = 4; lastKnownFileType = sourcecode.swift; path = JDataTree.swift; sourceTree = "<group>"; };
		0FCC6C971BF0F35100587090 /* CellObject.swift */ = {isa = PBXFileReference; fileEncoding = 4; lastKnownFileType = sourcecode.swift; path = CellObject.swift; sourceTree = "<group>"; };
/* End PBXFileReference section */

/* Begin PBXFrameworksBuildPhase section */
		0F08034B1BC1A4DB00B245ED /* Frameworks */ = {
			isa = PBXFrameworksBuildPhase;
			buildActionMask = 2147483647;
			files = (
				0F6DC5241BED47C200C47195 /* libsqlite3.0.tbd in Frameworks */,
			);
			runOnlyForDeploymentPostprocessing = 0;
		};
/* End PBXFrameworksBuildPhase section */

/* Begin PBXGroup section */
		0F0803451BC1A4DB00B245ED = {
			isa = PBXGroup;
			children = (
				0F6DC5231BED47C200C47195 /* libsqlite3.0.tbd */,
				0F0803501BC1A4DB00B245ED /* Todo */,
				0F08034F1BC1A4DB00B245ED /* Products */,
			);
			sourceTree = "<group>";
		};
		0F08034F1BC1A4DB00B245ED /* Products */ = {
			isa = PBXGroup;
			children = (
				0F08034E1BC1A4DB00B245ED /* QuickNote.app */,
			);
			name = Products;
			sourceTree = "<group>";
		};
		0F0803501BC1A4DB00B245ED /* Todo */ = {
			isa = PBXGroup;
			children = (
				0F7112951BF636A200AC7272 /* Helpers */,
				0F7112941BF6368100AC7272 /* Stores */,
				0F7112931BF6366000AC7272 /* Controllers */,
				0F7112921BF6363500AC7272 /* Views */,
				0F6DC51A1BED433300C47195 /* Models */,
				0F0803511BC1A4DB00B245ED /* AppDelegate.swift */,
				0F0803581BC1A4DB00B245ED /* Assets.xcassets */,
				0F08035D1BC1A4DB00B245ED /* Info.plist */,
			);
			path = Todo;
			sourceTree = "<group>";
		};
		0F6DC51A1BED433300C47195 /* Models */ = {
			isa = PBXGroup;
			children = (
				0F6DC5521BED4E2700C47195 /* ItemModel.swift */,
			);
			name = Models;
			sourceTree = "<group>";
		};
		0F6DC5251BED481F00C47195 /* FMDB */ = {
			isa = PBXGroup;
			children = (
				0F6DC5551BED4E3100C47195 /* FMDatabase.h */,
				0F6DC5561BED4E3100C47195 /* FMDatabase.m */,
				0F6DC5571BED4E3100C47195 /* FMDatabaseAdditions.h */,
				0F6DC5581BED4E3100C47195 /* FMDatabaseAdditions.m */,
				0F6DC5591BED4E3100C47195 /* FMDatabasePool.h */,
				0F6DC55A1BED4E3100C47195 /* FMDatabasePool.m */,
				0F6DC55B1BED4E3100C47195 /* FMDatabaseQueue.h */,
				0F6DC55C1BED4E3100C47195 /* FMDatabaseQueue.m */,
				0F6DC55D1BED4E3100C47195 /* FMResultSet.h */,
				0F6DC55E1BED4E3100C47195 /* FMResultSet.m */,
			);
			name = FMDB;
			sourceTree = "<group>";
		};
		0F6DC5361BED48F600C47195 /* SupportedFiles */ = {
			isa = PBXGroup;
			children = (
				0F6DC5641BED4E3800C47195 /* tasklist.sqlite */,
			);
			name = SupportedFiles;
			sourceTree = "<group>";
		};
		0F7112921BF6363500AC7272 /* Views */ = {
			isa = PBXGroup;
			children = (
				0F6DC5691BEFA27800C47195 /* Main.storyboard */,
				0FCC6C971BF0F35100587090 /* CellObject.swift */,
			);
			name = Views;
			sourceTree = "<group>";
		};
		0F7112931BF6366000AC7272 /* Controllers */ = {
			isa = PBXGroup;
			children = (
				0F0803531BC1A4DB00B245ED /* ViewController.swift */,
			);
			name = Controllers;
			sourceTree = "<group>";
		};
		0F7112941BF6368100AC7272 /* Stores */ = {
			isa = PBXGroup;
			children = (
				0F6DC54D1BED49FF00C47195 /* DBManager.swift */,
			);
			name = Stores;
			sourceTree = "<group>";
		};
		0F7112951BF636A200AC7272 /* Helpers */ = {
			isa = PBXGroup;
			children = (
				0F6DC5251BED481F00C47195 /* FMDB */,
				0F6DC5361BED48F600C47195 /* SupportedFiles */,
				0F6DC5661BED4E5B00C47195 /* Todo-Bridging-Header.h */,
				0F6DC54F1BED4BE700C47195 /* Utility.swift */,
				0F7112961BF63DE100AC7272 /* ExtendColor.swift */,
				0F7112981BF67C2500AC7272 /* JDataTree.swift */,
			);
			name = Helpers;
			sourceTree = "<group>";
		};
/* End PBXGroup section */

/* Begin PBXNativeTarget section */
		0F08034D1BC1A4DB00B245ED /* QuickNote */ = {
			isa = PBXNativeTarget;
			buildConfigurationList = 0F0803601BC1A4DB00B245ED /* Build configuration list for PBXNativeTarget "QuickNote" */;
			buildPhases = (
				0F08034A1BC1A4DB00B245ED /* Sources */,
				0F08034B1BC1A4DB00B245ED /* Frameworks */,
				0F08034C1BC1A4DB00B245ED /* Resources */,
			);
			buildRules = (
			);
			dependencies = (
			);
			name = QuickNote;
			productName = Todo;
			productReference = 0F08034E1BC1A4DB00B245ED /* QuickNote.app */;
			productType = "com.apple.product-type.application";
		};
/* End PBXNativeTarget section */

/* Begin PBXProject section */
		0F0803461BC1A4DB00B245ED /* Project object */ = {
			isa = PBXProject;
			attributes = {
				LastSwiftUpdateCheck = 0710;
				LastUpgradeCheck = 0700;
				ORGANIZATIONNAME = jstudio;
				TargetAttributes = {
					0F08034D1BC1A4DB00B245ED = {
						CreatedOnToolsVersion = 7.0.1;
						DevelopmentTeam = 6VRWVC6SHA;
					};
				};
			};
			buildConfigurationList = 0F0803491BC1A4DB00B245ED /* Build configuration list for PBXProject "QuickNote" */;
			compatibilityVersion = "Xcode 3.2";
			developmentRegion = English;
			hasScannedForEncodings = 0;
			knownRegions = (
				en,
				Base,
			);
			mainGroup = 0F0803451BC1A4DB00B245ED;
			productRefGroup = 0F08034F1BC1A4DB00B245ED /* Products */;
			projectDirPath = "";
			projectRoot = "";
			targets = (
				0F08034D1BC1A4DB00B245ED /* QuickNote */,
			);
		};
/* End PBXProject section */

/* Begin PBXResourcesBuildPhase section */
		0F08034C1BC1A4DB00B245ED /* Resources */ = {
			isa = PBXResourcesBuildPhase;
			buildActionMask = 2147483647;
			files = (
				0F0803591BC1A4DB00B245ED /* Assets.xcassets in Resources */,
				0F6DC5651BED4E3800C47195 /* tasklist.sqlite in Resources */,
				0F6DC56B1BEFA27800C47195 /* Main.storyboard in Resources */,
			);
			runOnlyForDeploymentPostprocessing = 0;
		};
/* End PBXResourcesBuildPhase section */

/* Begin PBXSourcesBuildPhase section */
		0F08034A1BC1A4DB00B245ED /* Sources */ = {
			isa = PBXSourcesBuildPhase;
			buildActionMask = 2147483647;
			files = (
				0F6DC5541BED4E2700C47195 /* ItemModel.swift in Sources */,
				0F0803541BC1A4DB00B245ED /* ViewController.swift in Sources */,
				0F6DC55F1BED4E3100C47195 /* FMDatabase.m in Sources */,
				0F7112971BF63DE100AC7272 /* ExtendColor.swift in Sources */,
				0F6DC5611BED4E3100C47195 /* FMDatabasePool.m in Sources */,
				0F6DC5621BED4E3100C47195 /* FMDatabaseQueue.m in Sources */,
				0F7112991BF67C2500AC7272 /* JDataTree.swift in Sources */,
				0F6DC5501BED4BE700C47195 /* Utility.swift in Sources */,
				0F6DC54E1BED49FF00C47195 /* DBManager.swift in Sources */,
				0F6DC5631BED4E3100C47195 /* FMResultSet.m in Sources */,
				0F0803521BC1A4DB00B245ED /* AppDelegate.swift in Sources */,
				0FCC6C981BF0F35100587090 /* CellObject.swift in Sources */,
				0F6DC5601BED4E3100C47195 /* FMDatabaseAdditions.m in Sources */,
			);
			runOnlyForDeploymentPostprocessing = 0;
		};
/* End PBXSourcesBuildPhase section */

/* Begin PBXVariantGroup section */
		0F6DC5691BEFA27800C47195 /* Main.storyboard */ = {
			isa = PBXVariantGroup;
			children = (
				0F6DC56A1BEFA27800C47195 /* Base */,
			);
			name = Main.storyboard;
			sourceTree = "<group>";
		};
/* End PBXVariantGroup section */

/* Begin XCBuildConfiguration section */
		0F08035E1BC1A4DB00B245ED /* Debug */ = {
			isa = XCBuildConfiguration;
			buildSettings = {
				ALWAYS_SEARCH_USER_PATHS = NO;
				CLANG_CXX_LANGUAGE_STANDARD = "gnu++0x";
				CLANG_CXX_LIBRARY = "libc++";
				CLANG_ENABLE_MODULES = YES;
				CLANG_ENABLE_OBJC_ARC = YES;
				CLANG_WARN_BOOL_CONVERSION = YES;
				CLANG_WARN_CONSTANT_CONVERSION = YES;
				CLANG_WARN_DIRECT_OBJC_ISA_USAGE = YES_ERROR;
				CLANG_WARN_EMPTY_BODY = YES;
				CLANG_WARN_ENUM_CONVERSION = YES;
				CLANG_WARN_INT_CONVERSION = YES;
				CLANG_WARN_OBJC_ROOT_CLASS = YES_ERROR;
				CLANG_WARN_UNREACHABLE_CODE = YES;
				CLANG_WARN__DUPLICATE_METHOD_MATCH = YES;
				"CODE_SIGN_IDENTITY[sdk=iphoneos*]" = "iPhone Developer";
				COPY_PHASE_STRIP = NO;
				DEBUG_INFORMATION_FORMAT = dwarf;
				ENABLE_STRICT_OBJC_MSGSEND = YES;
				ENABLE_TESTABILITY = YES;
				GCC_C_LANGUAGE_STANDARD = gnu99;
				GCC_DYNAMIC_NO_PIC = NO;
				GCC_NO_COMMON_BLOCKS = YES;
				GCC_OPTIMIZATION_LEVEL = 0;
				GCC_PREPROCESSOR_DEFINITIONS = (
					"DEBUG=1",
					"$(inherited)",
				);
				GCC_WARN_64_TO_32_BIT_CONVERSION = YES;
				GCC_WARN_ABOUT_RETURN_TYPE = YES_ERROR;
				GCC_WARN_UNDECLARED_SELECTOR = YES;
				GCC_WARN_UNINITIALIZED_AUTOS = YES_AGGRESSIVE;
				GCC_WARN_UNUSED_FUNCTION = YES;
				GCC_WARN_UNUSED_VARIABLE = YES;
				IPHONEOS_DEPLOYMENT_TARGET = 9.0;
				MTL_ENABLE_DEBUG_INFO = YES;
				ONLY_ACTIVE_ARCH = YES;
				SDKROOT = iphoneos;
				SWIFT_OPTIMIZATION_LEVEL = "-Onone";
				TARGETED_DEVICE_FAMILY = "1,2";
			};
			name = Debug;
		};
		0F08035F1BC1A4DB00B245ED /* Release */ = {
			isa = XCBuildConfiguration;
			buildSettings = {
				ALWAYS_SEARCH_USER_PATHS = NO;
				CLANG_CXX_LANGUAGE_STANDARD = "gnu++0x";
				CLANG_CXX_LIBRARY = "libc++";
				CLANG_ENABLE_MODULES = YES;
				CLANG_ENABLE_OBJC_ARC = YES;
				CLANG_WARN_BOOL_CONVERSION = YES;
				CLANG_WARN_CONSTANT_CONVERSION = YES;
				CLANG_WARN_DIRECT_OBJC_ISA_USAGE = YES_ERROR;
				CLANG_WARN_EMPTY_BODY = YES;
				CLANG_WARN_ENUM_CONVERSION = YES;
				CLANG_WARN_INT_CONVERSION = YES;
				CLANG_WARN_OBJC_ROOT_CLASS = YES_ERROR;
				CLANG_WARN_UNREACHABLE_CODE = YES;
				CLANG_WARN__DUPLICATE_METHOD_MATCH = YES;
				"CODE_SIGN_IDENTITY[sdk=iphoneos*]" = "iPhone Developer";
				COPY_PHASE_STRIP = NO;
				DEBUG_INFORMATION_FORMAT = "dwarf-with-dsym";
				ENABLE_NS_ASSERTIONS = NO;
				ENABLE_STRICT_OBJC_MSGSEND = YES;
				GCC_C_LANGUAGE_STANDARD = gnu99;
				GCC_NO_COMMON_BLOCKS = YES;
				GCC_WARN_64_TO_32_BIT_CONVERSION = YES;
				GCC_WARN_ABOUT_RETURN_TYPE = YES_ERROR;
				GCC_WARN_UNDECLARED_SELECTOR = YES;
				GCC_WARN_UNINITIALIZED_AUTOS = YES_AGGRESSIVE;
				GCC_WARN_UNUSED_FUNCTION = YES;
				GCC_WARN_UNUSED_VARIABLE = YES;
				IPHONEOS_DEPLOYMENT_TARGET = 9.0;
				MTL_ENABLE_DEBUG_INFO = NO;
				SDKROOT = iphoneos;
				TARGETED_DEVICE_FAMILY = "1,2";
				VALIDATE_PRODUCT = YES;
			};
			name = Release;
		};
		0F0803611BC1A4DB00B245ED /* Debug */ = {
			isa = XCBuildConfiguration;
			buildSettings = {
				ASSETCATALOG_COMPILER_APPICON_NAME = AppIcon;
				CLANG_ENABLE_MODULES = YES;
				CODE_SIGN_IDENTITY = "iPhone Developer";
				"CODE_SIGN_IDENTITY[sdk=iphoneos*]" = "iPhone Developer";
				INFOPLIST_FILE = Todo/Info.plist;
				IPHONEOS_DEPLOYMENT_TARGET = 8.0;
				LD_RUNPATH_SEARCH_PATHS = "$(inherited) @executable_path/Frameworks";
				PRODUCT_BUNDLE_IDENTIFIER = jstudio.QuickNote;
				PRODUCT_NAME = QuickNote;
				PROVISIONING_PROFILE = "";
				SWIFT_OBJC_BRIDGING_HEADER = "/Users/darkmouse/Documents/Code/iOS/Todo/Todo/Todo-Bridging-Header.h";
				SWIFT_OPTIMIZATION_LEVEL = "-Onone";
				TARGETED_DEVICE_FAMILY = 1;
			};
			name = Debug;
		};
		0F0803621BC1A4DB00B245ED /* Release */ = {
			isa = XCBuildConfiguration;
			buildSettings = {
				ASSETCATALOG_COMPILER_APPICON_NAME = AppIcon;
				CLANG_ENABLE_MODULES = YES;
				CODE_SIGN_IDENTITY = "iPhone Developer";
				"CODE_SIGN_IDENTITY[sdk=iphoneos*]" = "iPhone Developer";
				INFOPLIST_FILE = Todo/Info.plist;
				IPHONEOS_DEPLOYMENT_TARGET = 8.0;
				LD_RUNPATH_SEARCH_PATHS = "$(inherited) @executable_path/Frameworks";
				PRODUCT_BUNDLE_IDENTIFIER = jstudio.QuickNote;
				PRODUCT_NAME = QuickNote;
				PROVISIONING_PROFILE = "";
				SWIFT_OBJC_BRIDGING_HEADER = "/Users/darkmouse/Documents/Code/iOS/Todo/Todo/Todo-Bridging-Header.h";
				TARGETED_DEVICE_FAMILY = 1;
			};
			name = Release;
		};
/* End XCBuildConfiguration section */

/* Begin XCConfigurationList section */
		0F0803491BC1A4DB00B245ED /* Build configuration list for PBXProject "QuickNote" */ = {
			isa = XCConfigurationList;
			buildConfigurations = (
				0F08035E1BC1A4DB00B245ED /* Debug */,
				0F08035F1BC1A4DB00B245ED /* Release */,
			);
			defaultConfigurationIsVisible = 0;
			defaultConfigurationName = Release;
		};
		0F0803601BC1A4DB00B245ED /* Build configuration list for PBXNativeTarget "QuickNote" */ = {
			isa = XCConfigurationList;
			buildConfigurations = (
				0F0803611BC1A4DB00B245ED /* Debug */,
				0F0803621BC1A4DB00B245ED /* Release */,
			);
			defaultConfigurationIsVisible = 0;
			defaultConfigurationName = Release;
		};
/* End XCConfigurationList section */
	};
	rootObject = 0F0803461BC1A4DB00B245ED /* Project object */;
}
